
Microsoft Visual Studio Solution File, Format Version 12.00
# Visual Studio Version 17
VisualStudioVersion = 17.2.32616.157
MinimumVisualStudioVersion = 10.0.40219.1
Project("{FAE04EC0-301F-11D3-BF4B-00C04F79EFBC}") = "SingleDose", "SingleDose.csproj", "{5FAC3991-D4FD-4227-B73D-BEE34EB89987}"
EndProject
Project("{2150E333-8FDC-42A3-9474-1A3956D46DE8}") = "Boosters", "Boosters", "{C0E67E76-1C78-4152-9F79-FA27B4F7CCCA}"
EndProject
Project("{FAE04EC0-301F-11D3-BF4B-00C04F79EFBC}") = "PoisonTendy", "Boosters\PoisonTendy\PoisonTendy.csproj", "{4D7AEF0B-5AA6-4AE5-971E-7141AA1FDAFC}"
EndProject
Global
	GlobalSection(SolutionConfigurationPlatforms) = preSolution
		Debug|Any CPU = Debug|Any CPU
		Release|Any CPU = Release|Any CPU
	EndGlobalSection
	GlobalSection(ProjectConfigurationPlatforms) = postSolution
		{5FAC3991-D4FD-4227-B73D-BEE34EB89987}.Debug|Any CPU.ActiveCfg = Debug|Any CPU
		{5FAC3991-D4FD-4227-B73D-BEE34EB89987}.Debug|Any CPU.Build.0 = Debug|Any CPU
		{5FAC3991-D4FD-4227-B73D-BEE34EB89987}.Release|Any CPU.ActiveCfg = Release|Any CPU
		{5FAC3991-D4FD-4227-B73D-BEE34EB89987}.Release|Any CPU.Build.0 = Release|Any CPU
		{4D7AEF0B-5AA6-4AE5-971E-7141AA1FDAFC}.Debug|Any CPU.ActiveCfg = Debug|Any CPU
		{4D7AEF0B-5AA6-4AE5-971E-7141AA1FDAFC}.Debug|Any CPU.Build.0 = Debug|Any CPU
		{4D7AEF0B-5AA6-4AE5-971E-7141AA1FDAFC}.Release|Any CPU.ActiveCfg = Release|Any CPU
		{4D7AEF0B-5AA6-4AE5-971E-7141AA1FDAFC}.Release|Any CPU.Build.0 = Release|Any CPU
	EndGlobalSection
	GlobalSection(SolutionProperties) = preSolution
		HideSolutionNode = FALSE
	EndGlobalSection
	GlobalSection(NestedProjects) = preSolution
		{4D7AEF0B-5AA6-4AE5-971E-7141AA1FDAFC} = {C0E67E76-1C78-4152-9F79-FA27B4F7CCCA}
	EndGlobalSection
	GlobalSection(ExtensibilityGlobals) = postSolution
		SolutionGuid = {AB315DCA-1ECF-410E-ACF2-D4C541BD0618}
	EndGlobalSection
EndGlobal
